{
  "https://ofxmtsetqvaxyqwdsowg.supabase.co/storage/v1/object/public/fakeimages/Sequence%2001_1735749189.mp4": { "integrity": "sha512-k2SLorkQCZl8JmHg4gTPzaeNv7Eq5aMUDCg1lkeR6NW0WaclkN1fprSimPIO01NvscBes3YGnRYqGKMj3l4eyg==", "contentType": "video/mp4" },
  "https://ofxmtsetqvaxyqwdsowg.supabase.co/storage/v1/object/public/fakeimages/Sequence%2001_1735749189.mp4?t=2025-01-06T16%3A36%3A23.889Z": { "integrity": "sha512-k2SLorkQCZl8JmHg4gTPzaeNv7Eq5aMUDCg1lkeR6NW0WaclkN1fprSimPIO01NvscBes3YGnRYqGKMj3l4eyg==", "contentType": "video/mp4" },
  "version": 1
}
